
Microsoft Visual Studio Solution File, Format Version 12.00
# Visual Studio Version 16
VisualStudioVersion = 16.0.31702.278
MinimumVisualStudioVersion = 10.0.40219.1
Project("{FAE04EC0-301F-11D3-BF4B-00C04F79EFBC}") = "DynamoDBApplication", "DynamoDBApplication\DynamoDBApplication.csproj", "{1010071A-01F0-4569-925D-B1EC279CD2E3}"
EndProject
Project("{FAE04EC0-301F-11D3-BF4B-00C04F79EFBC}") = "ProductInfoWebApp", "ProductInfoWebApp\ProductInfoWebApp.csproj", "{9634C95A-B7FC-4338-AE5D-F0F56544C5BD}"
EndProject
Global
	GlobalSection(SolutionConfigurationPlatforms) = preSolution
		Debug|Any CPU = Debug|Any CPU
		Release|Any CPU = Release|Any CPU
	EndGlobalSection
	GlobalSection(ProjectConfigurationPlatforms) = postSolution
		{1010071A-01F0-4569-925D-B1EC279CD2E3}.Debug|Any CPU.ActiveCfg = Debug|Any CPU
		{1010071A-01F0-4569-925D-B1EC279CD2E3}.Debug|Any CPU.Build.0 = Debug|Any CPU
		{1010071A-01F0-4569-925D-B1EC279CD2E3}.Release|Any CPU.ActiveCfg = Release|Any CPU
		{1010071A-01F0-4569-925D-B1EC279CD2E3}.Release|Any CPU.Build.0 = Release|Any CPU
		{9634C95A-B7FC-4338-AE5D-F0F56544C5BD}.Debug|Any CPU.ActiveCfg = Debug|Any CPU
		{9634C95A-B7FC-4338-AE5D-F0F56544C5BD}.Debug|Any CPU.Build.0 = Debug|Any CPU
		{9634C95A-B7FC-4338-AE5D-F0F56544C5BD}.Release|Any CPU.ActiveCfg = Release|Any CPU
		{9634C95A-B7FC-4338-AE5D-F0F56544C5BD}.Release|Any CPU.Build.0 = Release|Any CPU
	EndGlobalSection
	GlobalSection(SolutionProperties) = preSolution
		HideSolutionNode = FALSE
	EndGlobalSection
	GlobalSection(ExtensibilityGlobals) = postSolution
		SolutionGuid = {ED859B6C-8D99-41F6-B71F-3E42AE4311C2}
	EndGlobalSection
EndGlobal
